{
  "dependencies": {
    "aws-sdk": {
      "version": "2.1.28",
      "dependencies": {
        "sax": {
          "version": "0.5.3"
        },
        "xml2js": {
          "version": "0.2.8"
        },
        "xmlbuilder": {
          "version": "0.4.2"
        }
      }
    },
    "elo-rank": {
      "version": "0.2.2"
    }
  }
}
